
Microsoft Visual Studio Solution File, Format Version 12.00
# Visual Studio Version 17
VisualStudioVersion = 17.5.33530.505
MinimumVisualStudioVersion = 10.0.40219.1
Project("{9A19103F-16F7-4668-BE54-9A1E7A4F7556}") = "Infrastructure.EventHub", "src\Infrastructure.EventHub\Infrastructure.EventHub.csproj", "{169D6759-FCE6-48AC-93DF-A0DEF0463278}"
EndProject
Project("{9A19103F-16F7-4668-BE54-9A1E7A4F7556}") = "Infrastructure.ServiceBus", "src\Infrastructure.ServiceBus\Infrastructure.ServiceBus.csproj", "{C9ABA347-0EF1-4B7F-9A62-7E4F905BB315}"
EndProject
Project("{9A19103F-16F7-4668-BE54-9A1E7A4F7556}") = "Infrastructure.Sql", "src\Infrastructure.Sql\Infrastructure.Sql.csproj", "{C86D096F-2154-471A-88B3-4345AE632C36}"
EndProject
Project("{9A19103F-16F7-4668-BE54-9A1E7A4F7556}") = "Domain", "src\Domain\Domain.csproj", "{6F4ED3A9-09F7-4FCC-B84B-85A8EA6E0DEF}"
EndProject
Project("{2150E333-8FDC-42A3-9474-1A3956D46DE8}") = "3.Infrastructure", "3.Infrastructure", "{FBDC182A-7851-4E65-9062-8179E01D35A8}"
EndProject
Project("{2150E333-8FDC-42A3-9474-1A3956D46DE8}") = "1.Core", "1.Core", "{89377989-1D6B-4246-87F8-5E91AFAC97AF}"
EndProject
Project("{2150E333-8FDC-42A3-9474-1A3956D46DE8}") = "4.Host", "4.Host", "{3C5E0F89-DB74-4774-B21E-53103805A892}"
EndProject
Project("{2150E333-8FDC-42A3-9474-1A3956D46DE8}") = "Tests", "Tests", "{557EB0F8-FC3A-4A47-B461-A98CDCA57C3D}"
EndProject
Project("{9A19103F-16F7-4668-BE54-9A1E7A4F7556}") = "Host.Console.ServiceBusSend", "src\Host.Console.ServiceBusSend\Host.Console.ServiceBusSend.csproj", "{454BE02A-C0D7-4F52-81F4-9012FD918ED1}"
EndProject
Project("{9A19103F-16F7-4668-BE54-9A1E7A4F7556}") = "Host.Console.ServiceBusReceive", "src\Host.Console.ServiceBusReceive\Host.Console.ServiceBusReceive.csproj", "{03453AC7-42BC-4E48-ABDC-3675E82D0215}"
EndProject
Project("{9A19103F-16F7-4668-BE54-9A1E7A4F7556}") = "Host.FormApp", "src\Host.WinForms.App\Host.FormApp.csproj", "{02AA4CEA-48D5-49A1-B38E-E74EED48E3FC}"
EndProject
Global
	GlobalSection(SolutionConfigurationPlatforms) = preSolution
		Debug|Any CPU = Debug|Any CPU
		Release|Any CPU = Release|Any CPU
	EndGlobalSection
	GlobalSection(ProjectConfigurationPlatforms) = postSolution
		{169D6759-FCE6-48AC-93DF-A0DEF0463278}.Debug|Any CPU.ActiveCfg = Debug|Any CPU
		{169D6759-FCE6-48AC-93DF-A0DEF0463278}.Debug|Any CPU.Build.0 = Debug|Any CPU
		{169D6759-FCE6-48AC-93DF-A0DEF0463278}.Release|Any CPU.ActiveCfg = Release|Any CPU
		{169D6759-FCE6-48AC-93DF-A0DEF0463278}.Release|Any CPU.Build.0 = Release|Any CPU
		{C9ABA347-0EF1-4B7F-9A62-7E4F905BB315}.Debug|Any CPU.ActiveCfg = Debug|Any CPU
		{C9ABA347-0EF1-4B7F-9A62-7E4F905BB315}.Debug|Any CPU.Build.0 = Debug|Any CPU
		{C9ABA347-0EF1-4B7F-9A62-7E4F905BB315}.Release|Any CPU.ActiveCfg = Release|Any CPU
		{C9ABA347-0EF1-4B7F-9A62-7E4F905BB315}.Release|Any CPU.Build.0 = Release|Any CPU
		{C86D096F-2154-471A-88B3-4345AE632C36}.Debug|Any CPU.ActiveCfg = Debug|Any CPU
		{C86D096F-2154-471A-88B3-4345AE632C36}.Debug|Any CPU.Build.0 = Debug|Any CPU
		{C86D096F-2154-471A-88B3-4345AE632C36}.Release|Any CPU.ActiveCfg = Release|Any CPU
		{C86D096F-2154-471A-88B3-4345AE632C36}.Release|Any CPU.Build.0 = Release|Any CPU
		{6F4ED3A9-09F7-4FCC-B84B-85A8EA6E0DEF}.Debug|Any CPU.ActiveCfg = Debug|Any CPU
		{6F4ED3A9-09F7-4FCC-B84B-85A8EA6E0DEF}.Debug|Any CPU.Build.0 = Debug|Any CPU
		{6F4ED3A9-09F7-4FCC-B84B-85A8EA6E0DEF}.Release|Any CPU.ActiveCfg = Release|Any CPU
		{6F4ED3A9-09F7-4FCC-B84B-85A8EA6E0DEF}.Release|Any CPU.Build.0 = Release|Any CPU
		{454BE02A-C0D7-4F52-81F4-9012FD918ED1}.Debug|Any CPU.ActiveCfg = Debug|Any CPU
		{454BE02A-C0D7-4F52-81F4-9012FD918ED1}.Debug|Any CPU.Build.0 = Debug|Any CPU
		{454BE02A-C0D7-4F52-81F4-9012FD918ED1}.Release|Any CPU.ActiveCfg = Release|Any CPU
		{454BE02A-C0D7-4F52-81F4-9012FD918ED1}.Release|Any CPU.Build.0 = Release|Any CPU
		{03453AC7-42BC-4E48-ABDC-3675E82D0215}.Debug|Any CPU.ActiveCfg = Debug|Any CPU
		{03453AC7-42BC-4E48-ABDC-3675E82D0215}.Debug|Any CPU.Build.0 = Debug|Any CPU
		{03453AC7-42BC-4E48-ABDC-3675E82D0215}.Release|Any CPU.ActiveCfg = Release|Any CPU
		{03453AC7-42BC-4E48-ABDC-3675E82D0215}.Release|Any CPU.Build.0 = Release|Any CPU
		{02AA4CEA-48D5-49A1-B38E-E74EED48E3FC}.Debug|Any CPU.ActiveCfg = Debug|Any CPU
		{02AA4CEA-48D5-49A1-B38E-E74EED48E3FC}.Debug|Any CPU.Build.0 = Debug|Any CPU
		{02AA4CEA-48D5-49A1-B38E-E74EED48E3FC}.Release|Any CPU.ActiveCfg = Release|Any CPU
		{02AA4CEA-48D5-49A1-B38E-E74EED48E3FC}.Release|Any CPU.Build.0 = Release|Any CPU
	EndGlobalSection
	GlobalSection(SolutionProperties) = preSolution
		HideSolutionNode = FALSE
	EndGlobalSection
	GlobalSection(NestedProjects) = preSolution
		{169D6759-FCE6-48AC-93DF-A0DEF0463278} = {FBDC182A-7851-4E65-9062-8179E01D35A8}
		{C9ABA347-0EF1-4B7F-9A62-7E4F905BB315} = {FBDC182A-7851-4E65-9062-8179E01D35A8}
		{C86D096F-2154-471A-88B3-4345AE632C36} = {FBDC182A-7851-4E65-9062-8179E01D35A8}
		{6F4ED3A9-09F7-4FCC-B84B-85A8EA6E0DEF} = {89377989-1D6B-4246-87F8-5E91AFAC97AF}
		{454BE02A-C0D7-4F52-81F4-9012FD918ED1} = {3C5E0F89-DB74-4774-B21E-53103805A892}
		{03453AC7-42BC-4E48-ABDC-3675E82D0215} = {3C5E0F89-DB74-4774-B21E-53103805A892}
		{02AA4CEA-48D5-49A1-B38E-E74EED48E3FC} = {3C5E0F89-DB74-4774-B21E-53103805A892}
	EndGlobalSection
	GlobalSection(ExtensibilityGlobals) = postSolution
		SolutionGuid = {729B7CC5-31BE-4A8D-A6EF-AF80373714A6}
	EndGlobalSection
EndGlobal
