
Microsoft Visual Studio Solution File, Format Version 12.00
# Visual Studio Version 17
VisualStudioVersion = 17.5.33530.505
MinimumVisualStudioVersion = 10.0.40219.1
Project("{9A19103F-16F7-4668-BE54-9A1E7A4F7556}") = "ServiceBus.Queue.Send", "src\ServiceBus.Send.Topic\ServiceBus.Queue.Send.csproj", "{454BE02A-C0D7-4F52-81F4-9012FD918ED1}"
EndProject
Project("{9A19103F-16F7-4668-BE54-9A1E7A4F7556}") = "ServiceBus.Topic.Receive", "src\ServiceBus.Receive.Topic\ServiceBus.Topic.Receive.csproj", "{03453AC7-42BC-4E48-ABDC-3675E82D0215}"
EndProject
Project("{2150E333-8FDC-42A3-9474-1A3956D46DE8}") = "ServiceBus", "ServiceBus", "{4AF76D54-C2E9-42A8-B412-287687B0BD51}"
EndProject
Project("{2150E333-8FDC-42A3-9474-1A3956D46DE8}") = "EventHub", "EventHub", "{5506EB14-3F51-4F22-ADD0-01693BE79C8A}"
EndProject
Project("{9A19103F-16F7-4668-BE54-9A1E7A4F7556}") = "ServiceBus.Topic.Send", "src\ServiceBus.Send.Queue\ServiceBus.Topic.Send.csproj", "{0EEC7C8B-AD86-4DA3-889B-6EDF1FADD961}"
EndProject
Project("{9A19103F-16F7-4668-BE54-9A1E7A4F7556}") = "ServiceBus.Queue.Receive", "src\ServiceBus.Receive.Queue\ServiceBus.Queue.Receive.csproj", "{FE070D1E-BBE7-4939-BFBE-9DBD54CB4D9B}"
EndProject
Global
	GlobalSection(SolutionConfigurationPlatforms) = preSolution
		Debug|Any CPU = Debug|Any CPU
		Release|Any CPU = Release|Any CPU
	EndGlobalSection
	GlobalSection(ProjectConfigurationPlatforms) = postSolution
		{454BE02A-C0D7-4F52-81F4-9012FD918ED1}.Debug|Any CPU.ActiveCfg = Debug|Any CPU
		{454BE02A-C0D7-4F52-81F4-9012FD918ED1}.Debug|Any CPU.Build.0 = Debug|Any CPU
		{454BE02A-C0D7-4F52-81F4-9012FD918ED1}.Release|Any CPU.ActiveCfg = Release|Any CPU
		{454BE02A-C0D7-4F52-81F4-9012FD918ED1}.Release|Any CPU.Build.0 = Release|Any CPU
		{03453AC7-42BC-4E48-ABDC-3675E82D0215}.Debug|Any CPU.ActiveCfg = Debug|Any CPU
		{03453AC7-42BC-4E48-ABDC-3675E82D0215}.Debug|Any CPU.Build.0 = Debug|Any CPU
		{03453AC7-42BC-4E48-ABDC-3675E82D0215}.Release|Any CPU.ActiveCfg = Release|Any CPU
		{03453AC7-42BC-4E48-ABDC-3675E82D0215}.Release|Any CPU.Build.0 = Release|Any CPU
		{0EEC7C8B-AD86-4DA3-889B-6EDF1FADD961}.Debug|Any CPU.ActiveCfg = Debug|Any CPU
		{0EEC7C8B-AD86-4DA3-889B-6EDF1FADD961}.Debug|Any CPU.Build.0 = Debug|Any CPU
		{0EEC7C8B-AD86-4DA3-889B-6EDF1FADD961}.Release|Any CPU.ActiveCfg = Release|Any CPU
		{0EEC7C8B-AD86-4DA3-889B-6EDF1FADD961}.Release|Any CPU.Build.0 = Release|Any CPU
		{FE070D1E-BBE7-4939-BFBE-9DBD54CB4D9B}.Debug|Any CPU.ActiveCfg = Debug|Any CPU
		{FE070D1E-BBE7-4939-BFBE-9DBD54CB4D9B}.Debug|Any CPU.Build.0 = Debug|Any CPU
		{FE070D1E-BBE7-4939-BFBE-9DBD54CB4D9B}.Release|Any CPU.ActiveCfg = Release|Any CPU
		{FE070D1E-BBE7-4939-BFBE-9DBD54CB4D9B}.Release|Any CPU.Build.0 = Release|Any CPU
	EndGlobalSection
	GlobalSection(SolutionProperties) = preSolution
		HideSolutionNode = FALSE
	EndGlobalSection
	GlobalSection(NestedProjects) = preSolution
		{454BE02A-C0D7-4F52-81F4-9012FD918ED1} = {4AF76D54-C2E9-42A8-B412-287687B0BD51}
		{03453AC7-42BC-4E48-ABDC-3675E82D0215} = {4AF76D54-C2E9-42A8-B412-287687B0BD51}
		{0EEC7C8B-AD86-4DA3-889B-6EDF1FADD961} = {4AF76D54-C2E9-42A8-B412-287687B0BD51}
		{FE070D1E-BBE7-4939-BFBE-9DBD54CB4D9B} = {4AF76D54-C2E9-42A8-B412-287687B0BD51}
	EndGlobalSection
	GlobalSection(ExtensibilityGlobals) = postSolution
		SolutionGuid = {729B7CC5-31BE-4A8D-A6EF-AF80373714A6}
	EndGlobalSection
EndGlobal
